
Microsoft Visual Studio Solution File, Format Version 12.00
# Visual Studio Version 17
VisualStudioVersion = 17.11.35312.102
MinimumVisualStudioVersion = 10.0.40219.1
Project("{9A19103F-16F7-4668-BE54-9A1E7A4F7556}") = "PaginaIst", "PaginaIst\PaginaIst.csproj", "{3D949AC0-CBA8-4384-BCA6-3F86FCDC5554}"
EndProject
Project("{9A19103F-16F7-4668-BE54-9A1E7A4F7556}") = "PaginaIst.AccesoDatos", "PaginaIst.AccesoDatos\PaginaIst.AccesoDatos.csproj", "{5C5B38AB-EEAD-46FE-BCC4-D94FE6C0246C}"
EndProject
Project("{9A19103F-16F7-4668-BE54-9A1E7A4F7556}") = "PaginaIst.Models", "PaginaIst.Models\PaginaIst.Models.csproj", "{496D0CC7-923E-493A-86AA-6C46FE68EC21}"
EndProject
Project("{9A19103F-16F7-4668-BE54-9A1E7A4F7556}") = "PaginaIst.Utilidades", "PaginaIst.Utilidades\PaginaIst.Utilidades.csproj", "{A9707497-039B-4E5B-BF28-BADE994ABDF2}"
EndProject
Project("{2150E333-8FDC-42A3-9474-1A3956D46DE8}") = "Solution Items", "Solution Items", "{D69BD2D9-BA2B-4A11-8BAF-1B691005BCC2}"
	ProjectSection(SolutionItems) = preProject
		.editorconfig = .editorconfig
	EndProjectSection
EndProject
Global
	GlobalSection(SolutionConfigurationPlatforms) = preSolution
		Debug|Any CPU = Debug|Any CPU
		Release|Any CPU = Release|Any CPU
	EndGlobalSection
	GlobalSection(ProjectConfigurationPlatforms) = postSolution
		{3D949AC0-CBA8-4384-BCA6-3F86FCDC5554}.Debug|Any CPU.ActiveCfg = Debug|Any CPU
		{3D949AC0-CBA8-4384-BCA6-3F86FCDC5554}.Debug|Any CPU.Build.0 = Debug|Any CPU
		{3D949AC0-CBA8-4384-BCA6-3F86FCDC5554}.Release|Any CPU.ActiveCfg = Release|Any CPU
		{3D949AC0-CBA8-4384-BCA6-3F86FCDC5554}.Release|Any CPU.Build.0 = Release|Any CPU
		{5C5B38AB-EEAD-46FE-BCC4-D94FE6C0246C}.Debug|Any CPU.ActiveCfg = Debug|Any CPU
		{5C5B38AB-EEAD-46FE-BCC4-D94FE6C0246C}.Debug|Any CPU.Build.0 = Debug|Any CPU
		{5C5B38AB-EEAD-46FE-BCC4-D94FE6C0246C}.Release|Any CPU.ActiveCfg = Release|Any CPU
		{5C5B38AB-EEAD-46FE-BCC4-D94FE6C0246C}.Release|Any CPU.Build.0 = Release|Any CPU
		{496D0CC7-923E-493A-86AA-6C46FE68EC21}.Debug|Any CPU.ActiveCfg = Debug|Any CPU
		{496D0CC7-923E-493A-86AA-6C46FE68EC21}.Debug|Any CPU.Build.0 = Debug|Any CPU
		{496D0CC7-923E-493A-86AA-6C46FE68EC21}.Release|Any CPU.ActiveCfg = Release|Any CPU
		{496D0CC7-923E-493A-86AA-6C46FE68EC21}.Release|Any CPU.Build.0 = Release|Any CPU
		{A9707497-039B-4E5B-BF28-BADE994ABDF2}.Debug|Any CPU.ActiveCfg = Debug|Any CPU
		{A9707497-039B-4E5B-BF28-BADE994ABDF2}.Debug|Any CPU.Build.0 = Debug|Any CPU
		{A9707497-039B-4E5B-BF28-BADE994ABDF2}.Release|Any CPU.ActiveCfg = Release|Any CPU
		{A9707497-039B-4E5B-BF28-BADE994ABDF2}.Release|Any CPU.Build.0 = Release|Any CPU
	EndGlobalSection
	GlobalSection(SolutionProperties) = preSolution
		HideSolutionNode = FALSE
	EndGlobalSection
	GlobalSection(ExtensibilityGlobals) = postSolution
		SolutionGuid = {ED554DFB-A34C-4C12-8DD3-66458EC811C2}
	EndGlobalSection
EndGlobal
